
Microsoft Visual Studio Solution File, Format Version 12.00
# Visual Studio Version 17
VisualStudioVersion = 17.3.32922.545
MinimumVisualStudioVersion = 10.0.40219.1
Project("{9A19103F-16F7-4668-BE54-9A1E7A4F7556}") = "Intotech.Common", "Intotech.Common\Intotech.Common.csproj", "{883EA103-3349-4C67-9872-967C91B473B2}"
EndProject
Project("{9A19103F-16F7-4668-BE54-9A1E7A4F7556}") = "Intotech.Common.Bll", "Intotech.Common.Bll\Intotech.Common.Bll.csproj", "{C68C3CE2-F9CD-4A47-8863-41B4990487D0}"
EndProject
Project("{9A19103F-16F7-4668-BE54-9A1E7A4F7556}") = "Intotech.Common.Bll.Interfaces", "Intotech.Common.Bll.Interfaces\Intotech.Common.Bll.Interfaces.csproj", "{F7C3429A-D94A-4D98-BC5E-FB0FF1ACBB3A}"
EndProject
Project("{9A19103F-16F7-4668-BE54-9A1E7A4F7556}") = "Intotech.Common.Database.Interfaces", "Intotech.Common.Database.Interfaces\Intotech.Common.Database.Interfaces.csproj", "{9CC2C525-2D3E-4A19-B0F4-9DC5F25CD2B6}"
EndProject
Project("{9A19103F-16F7-4668-BE54-9A1E7A4F7556}") = "Intotech.Common.Microservices", "Intotech.Common.Microservices\Intotech.Common.Microservices.csproj", "{8DA9DA21-FAFE-459C-BDCD-4A485B6E695A}"
EndProject
Project("{9A19103F-16F7-4668-BE54-9A1E7A4F7556}") = "Intotech.Common.Microservices.Interfaces", "Intotech.Common.Microservices.Interfaces\Intotech.Common.Microservices.Interfaces.csproj", "{38F6BDBA-5206-4AD1-A1B4-780B838726B7}"
EndProject
Project("{9A19103F-16F7-4668-BE54-9A1E7A4F7556}") = "Intotech.ExcelLibrary.Extensions", "Intotech.ExcelLibrary.Extensions\Intotech.ExcelLibrary.Extensions.csproj", "{46710E03-D11A-41B3-9CAB-8213F942E973}"
EndProject
Project("{9A19103F-16F7-4668-BE54-9A1E7A4F7556}") = "Intotech.Common.Tests", "Intotech.Common.Tests\Intotech.Common.Tests.csproj", "{EF1F23B0-C21D-4F48-88FE-19D5329CAA52}"
EndProject
Project("{9A19103F-16F7-4668-BE54-9A1E7A4F7556}") = "Intotech.ReflectiveTools", "Intotech.ReflectiveTools\Intotech.ReflectiveTools.csproj", "{4A486BBA-FEB4-4AE4-AC64-F5022AE70F7A}"
EndProject
Project("{9A19103F-16F7-4668-BE54-9A1E7A4F7556}") = "Intotech.Runner", "Intotech.Runner\Intotech.Runner.csproj", "{F8F1FF3D-135B-4299-AF56-AC497F547752}"
EndProject
Project("{9A19103F-16F7-4668-BE54-9A1E7A4F7556}") = "Intotech.GhostRider", "Intotech.GhostRider\Intotech.GhostRider\Intotech.GhostRider.csproj", "{06C6C67E-502B-49B5-AC36-7E7F08326BE1}"
EndProject
Project("{9A19103F-16F7-4668-BE54-9A1E7A4F7556}") = "Intotech.Common.Interfaces", "Intotech.Common.Interfaces\Intotech.Common.Interfaces.csproj", "{2008A6CA-E83E-4779-B117-DF4E4CC6EFF3}"
EndProject
Project("{9A19103F-16F7-4668-BE54-9A1E7A4F7556}") = "Intotech.Common.Database", "Intotech.Common.Database\Intotech.Common.Database.csproj", "{A35A4FF4-9CEA-41BF-AFB6-7611584CCDA2}"
EndProject
Global
	GlobalSection(SolutionConfigurationPlatforms) = preSolution
		Debug|Any CPU = Debug|Any CPU
		Release|Any CPU = Release|Any CPU
	EndGlobalSection
	GlobalSection(ProjectConfigurationPlatforms) = postSolution
		{883EA103-3349-4C67-9872-967C91B473B2}.Debug|Any CPU.ActiveCfg = Debug|Any CPU
		{883EA103-3349-4C67-9872-967C91B473B2}.Debug|Any CPU.Build.0 = Debug|Any CPU
		{883EA103-3349-4C67-9872-967C91B473B2}.Release|Any CPU.ActiveCfg = Release|Any CPU
		{883EA103-3349-4C67-9872-967C91B473B2}.Release|Any CPU.Build.0 = Release|Any CPU
		{C68C3CE2-F9CD-4A47-8863-41B4990487D0}.Debug|Any CPU.ActiveCfg = Debug|Any CPU
		{C68C3CE2-F9CD-4A47-8863-41B4990487D0}.Debug|Any CPU.Build.0 = Debug|Any CPU
		{C68C3CE2-F9CD-4A47-8863-41B4990487D0}.Release|Any CPU.ActiveCfg = Release|Any CPU
		{C68C3CE2-F9CD-4A47-8863-41B4990487D0}.Release|Any CPU.Build.0 = Release|Any CPU
		{F7C3429A-D94A-4D98-BC5E-FB0FF1ACBB3A}.Debug|Any CPU.ActiveCfg = Debug|Any CPU
		{F7C3429A-D94A-4D98-BC5E-FB0FF1ACBB3A}.Debug|Any CPU.Build.0 = Debug|Any CPU
		{F7C3429A-D94A-4D98-BC5E-FB0FF1ACBB3A}.Release|Any CPU.ActiveCfg = Release|Any CPU
		{F7C3429A-D94A-4D98-BC5E-FB0FF1ACBB3A}.Release|Any CPU.Build.0 = Release|Any CPU
		{9CC2C525-2D3E-4A19-B0F4-9DC5F25CD2B6}.Debug|Any CPU.ActiveCfg = Debug|Any CPU
		{9CC2C525-2D3E-4A19-B0F4-9DC5F25CD2B6}.Debug|Any CPU.Build.0 = Debug|Any CPU
		{9CC2C525-2D3E-4A19-B0F4-9DC5F25CD2B6}.Release|Any CPU.ActiveCfg = Release|Any CPU
		{9CC2C525-2D3E-4A19-B0F4-9DC5F25CD2B6}.Release|Any CPU.Build.0 = Release|Any CPU
		{8DA9DA21-FAFE-459C-BDCD-4A485B6E695A}.Debug|Any CPU.ActiveCfg = Debug|Any CPU
		{8DA9DA21-FAFE-459C-BDCD-4A485B6E695A}.Debug|Any CPU.Build.0 = Debug|Any CPU
		{8DA9DA21-FAFE-459C-BDCD-4A485B6E695A}.Release|Any CPU.ActiveCfg = Release|Any CPU
		{8DA9DA21-FAFE-459C-BDCD-4A485B6E695A}.Release|Any CPU.Build.0 = Release|Any CPU
		{38F6BDBA-5206-4AD1-A1B4-780B838726B7}.Debug|Any CPU.ActiveCfg = Debug|Any CPU
		{38F6BDBA-5206-4AD1-A1B4-780B838726B7}.Debug|Any CPU.Build.0 = Debug|Any CPU
		{38F6BDBA-5206-4AD1-A1B4-780B838726B7}.Release|Any CPU.ActiveCfg = Release|Any CPU
		{38F6BDBA-5206-4AD1-A1B4-780B838726B7}.Release|Any CPU.Build.0 = Release|Any CPU
		{46710E03-D11A-41B3-9CAB-8213F942E973}.Debug|Any CPU.ActiveCfg = Debug|Any CPU
		{46710E03-D11A-41B3-9CAB-8213F942E973}.Debug|Any CPU.Build.0 = Debug|Any CPU
		{46710E03-D11A-41B3-9CAB-8213F942E973}.Release|Any CPU.ActiveCfg = Release|Any CPU
		{46710E03-D11A-41B3-9CAB-8213F942E973}.Release|Any CPU.Build.0 = Release|Any CPU
		{EF1F23B0-C21D-4F48-88FE-19D5329CAA52}.Debug|Any CPU.ActiveCfg = Debug|Any CPU
		{EF1F23B0-C21D-4F48-88FE-19D5329CAA52}.Debug|Any CPU.Build.0 = Debug|Any CPU
		{EF1F23B0-C21D-4F48-88FE-19D5329CAA52}.Release|Any CPU.ActiveCfg = Release|Any CPU
		{EF1F23B0-C21D-4F48-88FE-19D5329CAA52}.Release|Any CPU.Build.0 = Release|Any CPU
		{4A486BBA-FEB4-4AE4-AC64-F5022AE70F7A}.Debug|Any CPU.ActiveCfg = Debug|Any CPU
		{4A486BBA-FEB4-4AE4-AC64-F5022AE70F7A}.Debug|Any CPU.Build.0 = Debug|Any CPU
		{4A486BBA-FEB4-4AE4-AC64-F5022AE70F7A}.Release|Any CPU.ActiveCfg = Release|Any CPU
		{4A486BBA-FEB4-4AE4-AC64-F5022AE70F7A}.Release|Any CPU.Build.0 = Release|Any CPU
		{F8F1FF3D-135B-4299-AF56-AC497F547752}.Debug|Any CPU.ActiveCfg = Debug|Any CPU
		{F8F1FF3D-135B-4299-AF56-AC497F547752}.Debug|Any CPU.Build.0 = Debug|Any CPU
		{F8F1FF3D-135B-4299-AF56-AC497F547752}.Release|Any CPU.ActiveCfg = Release|Any CPU
		{F8F1FF3D-135B-4299-AF56-AC497F547752}.Release|Any CPU.Build.0 = Release|Any CPU
		{06C6C67E-502B-49B5-AC36-7E7F08326BE1}.Debug|Any CPU.ActiveCfg = Debug|Any CPU
		{06C6C67E-502B-49B5-AC36-7E7F08326BE1}.Debug|Any CPU.Build.0 = Debug|Any CPU
		{06C6C67E-502B-49B5-AC36-7E7F08326BE1}.Release|Any CPU.ActiveCfg = Release|Any CPU
		{06C6C67E-502B-49B5-AC36-7E7F08326BE1}.Release|Any CPU.Build.0 = Release|Any CPU
		{2008A6CA-E83E-4779-B117-DF4E4CC6EFF3}.Debug|Any CPU.ActiveCfg = Debug|Any CPU
		{2008A6CA-E83E-4779-B117-DF4E4CC6EFF3}.Debug|Any CPU.Build.0 = Debug|Any CPU
		{2008A6CA-E83E-4779-B117-DF4E4CC6EFF3}.Release|Any CPU.ActiveCfg = Release|Any CPU
		{2008A6CA-E83E-4779-B117-DF4E4CC6EFF3}.Release|Any CPU.Build.0 = Release|Any CPU
		{A35A4FF4-9CEA-41BF-AFB6-7611584CCDA2}.Debug|Any CPU.ActiveCfg = Debug|Any CPU
		{A35A4FF4-9CEA-41BF-AFB6-7611584CCDA2}.Debug|Any CPU.Build.0 = Debug|Any CPU
		{A35A4FF4-9CEA-41BF-AFB6-7611584CCDA2}.Release|Any CPU.ActiveCfg = Release|Any CPU
		{A35A4FF4-9CEA-41BF-AFB6-7611584CCDA2}.Release|Any CPU.Build.0 = Release|Any CPU
	EndGlobalSection
	GlobalSection(SolutionProperties) = preSolution
		HideSolutionNode = FALSE
	EndGlobalSection
	GlobalSection(ExtensibilityGlobals) = postSolution
		SolutionGuid = {1BDC9B59-CC25-4741-B320-9EC51F6283A2}
	EndGlobalSection
EndGlobal
